# THIS IS AN AUTOGENERATED FILE. DO NOT EDIT THIS FILE DIRECTLY.
# yarn lockfile v1


react-native-netinfo@^1.1.0:
  version "1.1.0"
  resolved "https://registry.yarnpkg.com/react-native-netinfo/-/react-native-netinfo-1.1.0.tgz#343a4a9413006493f350bc7923688bb3315c3dce"
  integrity sha512-muGzEvfCm9i+MF1qgPF1LsUmRxaTUWQ9i2TTbBoE/DBfsprv4Ds27iYLQvAgX5QzAMJm+iYKCq+3QN/hvPxrsQ==
